
Microsoft Visual Studio Solution File, Format Version 12.00
# Visual Studio Version 17
VisualStudioVersion = 17.10.35122.118
MinimumVisualStudioVersion = 10.0.40219.1
Project("{FAE04EC0-301F-11D3-BF4B-00C04F79EFBC}") = "EHA-Assignment_SAOnlineMart", "EHA-Assignment_SAOnlineMart.csproj", "{76EEDEF6-8793-4A76-B8AA-BCA3D639DF2D}"
EndProject
Global
	GlobalSection(SolutionConfigurationPlatforms) = preSolution
		Debug|Any CPU = Debug|Any CPU
		Release|Any CPU = Release|Any CPU
	EndGlobalSection
	GlobalSection(ProjectConfigurationPlatforms) = postSolution
		{76EEDEF6-8793-4A76-B8AA-BCA3D639DF2D}.Debug|Any CPU.ActiveCfg = Debug|Any CPU
		{76EEDEF6-8793-4A76-B8AA-BCA3D639DF2D}.Debug|Any CPU.Build.0 = Debug|Any CPU
		{76EEDEF6-8793-4A76-B8AA-BCA3D639DF2D}.Release|Any CPU.ActiveCfg = Release|Any CPU
		{76EEDEF6-8793-4A76-B8AA-BCA3D639DF2D}.Release|Any CPU.Build.0 = Release|Any CPU
	EndGlobalSection
	GlobalSection(SolutionProperties) = preSolution
		HideSolutionNode = FALSE
	EndGlobalSection
	GlobalSection(ExtensibilityGlobals) = postSolution
		SolutionGuid = {B3081C78-F13F-433C-BD6A-152964B86900}
	EndGlobalSection
EndGlobal
